Microsoft Visual Studio Solution File, Format Version 12.00
# Visual Studio Version 17
VisualStudioVersion = 17.8.34309.116
MinimumVisualStudioVersion = 10.0.40219.1
Project("{FAE04EC0-301F-11D3-BF4B-00C04F79EFBC}") = "CateringQuotes.AppHost", "AppHost\CateringQuotes.AppHost.csproj", "{A1E1C1F1-1111-1111-1111-111111111111}"
EndProject
Project("{FAE04EC0-301F-11D3-BF4B-00C04F79EFBC}") = "CateringQuotes.Api", "backend\Api\CateringQuotes.Api.csproj", "{B2E2C2F2-2222-2222-2222-222222222222}"
EndProject
Project("{FAE04EC0-301F-11D3-BF4B-00C04F79EFBC}") = "CateringQuotes.Application", "backend\Application\CateringQuotes.Application.csproj", "{C3E3C3F3-3333-3333-3333-333333333333}"
EndProject
Project("{FAE04EC0-301F-11D3-BF4B-00C04F79EFBC}") = "CateringQuotes.Domain", "backend\Domain\CateringQuotes.Domain.csproj", "{D4E4C4F4-4444-4444-4444-444444444444}"
EndProject
Project("{FAE04EC0-301F-11D3-BF4B-00C04F79EFBC}") = "CateringQuotes.Infrastructure", "backend\Infrastructure\CateringQuotes.Infrastructure.csproj", "{E5E5C5F5-5555-5555-5555-555555555555}"
EndProject
Project("{FAE04EC0-301F-11D3-BF4B-00C04F79EFBC}") = "CateringQuotes.Tests", "backend\Tests\CateringQuotes.Tests.csproj", "{F6E6C6F6-6666-6666-6666-666666666666}"
EndProject
Global
	GlobalSection(SolutionConfigurationPlatforms) = preSolution
		Debug|Any CPU = Debug|Any CPU
		Release|Any CPU = Release|Any CPU
	EndGlobalSection
	GlobalSection(ProjectConfigurationPlatforms) = postSolution
		{A1E1C1F1-1111-1111-1111-111111111111}.Debug|Any CPU.ActiveCfg = Debug|Any CPU
		{A1E1C1F1-1111-1111-1111-111111111111}.Debug|Any CPU.Build.0 = Debug|Any CPU
		{A1E1C1F1-1111-1111-1111-111111111111}.Release|Any CPU.ActiveCfg = Release|Any CPU
		{A1E1C1F1-1111-1111-1111-111111111111}.Release|Any CPU.Build.0 = Release|Any CPU
		{B2E2C2F2-2222-2222-2222-222222222222}.Debug|Any CPU.ActiveCfg = Debug|Any CPU
		{B2E2C2F2-2222-2222-2222-222222222222}.Debug|Any CPU.Build.0 = Debug|Any CPU
		{B2E2C2F2-2222-2222-2222-222222222222}.Release|Any CPU.ActiveCfg = Release|Any CPU
		{B2E2C2F2-2222-2222-2222-222222222222}.Release|Any CPU.Build.0 = Release|Any CPU
		{C3E3C3F3-3333-3333-3333-333333333333}.Debug|Any CPU.ActiveCfg = Debug|Any CPU
		{C3E3C3F3-3333-3333-3333-333333333333}.Debug|Any CPU.Build.0 = Debug|Any CPU
		{C3E3C3F3-3333-3333-3333-333333333333}.Release|Any CPU.ActiveCfg = Release|Any CPU
		{C3E3C3F3-3333-3333-3333-333333333333}.Release|Any CPU.Build.0 = Release|Any CPU
		{D4E4C4F4-4444-4444-4444-444444444444}.Debug|Any CPU.ActiveCfg = Debug|Any CPU
		{D4E4C4F4-4444-4444-4444-444444444444}.Debug|Any CPU.Build.0 = Debug|Any CPU
		{D4E4C4F4-4444-4444-4444-444444444444}.Release|Any CPU.ActiveCfg = Release|Any CPU
		{D4E4C4F4-4444-4444-4444-444444444444}.Release|Any CPU.Build.0 = Release|Any CPU
		{E5E5C5F5-5555-5555-5555-555555555555}.Debug|Any CPU.ActiveCfg = Debug|Any CPU
		{E5E5C5F5-5555-5555-5555-555555555555}.Debug|Any CPU.Build.0 = Debug|Any CPU
		{E5E5C5F5-5555-5555-5555-555555555555}.Release|Any CPU.ActiveCfg = Release|Any CPU
		{E5E5C5F5-5555-5555-5555-555555555555}.Release|Any CPU.Build.0 = Release|Any CPU
		{F6E6C6F6-6666-6666-6666-666666666666}.Debug|Any CPU.ActiveCfg = Debug|Any CPU
		{F6E6C6F6-6666-6666-6666-666666666666}.Debug|Any CPU.Build.0 = Debug|Any CPU
		{F6E6C6F6-6666-6666-6666-666666666666}.Release|Any CPU.ActiveCfg = Release|Any CPU
		{F6E6C6F6-6666-6666-6666-666666666666}.Release|Any CPU.Build.0 = Release|Any CPU
	EndGlobalSection
EndGlobal
